
Microsoft Visual Studio Solution File, Format Version 12.00
# Visual Studio Version 16
VisualStudioVersion = 16.0.31613.86
MinimumVisualStudioVersion = 10.0.40219.1
Project("{FAE04EC0-301F-11D3-BF4B-00C04F79EFBC}") = "PokemonAPI", "PokemonAPI\PokemonAPI.csproj", "{188FCB2E-736A-43E4-A7D8-0046B4DC08E2}"
EndProject
Global
	GlobalSection(SolutionConfigurationPlatforms) = preSolution
		Debug|Any CPU = Debug|Any CPU
		Release|Any CPU = Release|Any CPU
	EndGlobalSection
	GlobalSection(ProjectConfigurationPlatforms) = postSolution
		{188FCB2E-736A-43E4-A7D8-0046B4DC08E2}.Debug|Any CPU.ActiveCfg = Debug|Any CPU
		{188FCB2E-736A-43E4-A7D8-0046B4DC08E2}.Debug|Any CPU.Build.0 = Debug|Any CPU
		{188FCB2E-736A-43E4-A7D8-0046B4DC08E2}.Release|Any CPU.ActiveCfg = Release|Any CPU
		{188FCB2E-736A-43E4-A7D8-0046B4DC08E2}.Release|Any CPU.Build.0 = Release|Any CPU
	EndGlobalSection
	GlobalSection(SolutionProperties) = preSolution
		HideSolutionNode = FALSE
	EndGlobalSection
	GlobalSection(ExtensibilityGlobals) = postSolution
		SolutionGuid = {CA61C47D-ED7E-4B2A-8861-ACD917C9B8EE}
	EndGlobalSection
EndGlobal
